
Microsoft Visual Studio Solution File, Format Version 12.00
# Visual Studio Version 17
VisualStudioVersion = 17.0.31903.59
MinimumVisualStudioVersion = 10.0.40219.1
Project("{FAE04EC0-301F-11D3-BF4B-00C04F79EFBC}") = "01-primary-constructors", "01-primary-constructors\01-primary-constructors.csproj", "{5CBFA477-48EC-4DD1-8BDD-A96A7ED24177}"
EndProject
Project("{FAE04EC0-301F-11D3-BF4B-00C04F79EFBC}") = "02-collection-expressions", "02-collection-expressions\02-collection-expressions.csproj", "{A3195E0A-FE67-4D30-88E5-A83CEC440172}"
EndProject
Project("{FAE04EC0-301F-11D3-BF4B-00C04F79EFBC}") = "07-experimental", "07-experimental\07-experimental.csproj", "{12D7720A-8F62-40C5-A262-612580AE1DE7}"
EndProject
Project("{FAE04EC0-301F-11D3-BF4B-00C04F79EFBC}") = "08-interceptors", "08-interceptors\08-interceptors.csproj", "{B9E95344-6B87-4899-B5E3-25A6308C3648}"
EndProject
Project("{FAE04EC0-301F-11D3-BF4B-00C04F79EFBC}") = "03-ref-readonly", "03-ref-readonly\03-ref-readonly.csproj", "{DD86640B-0F9C-4B54-9E03-3C8733A5E2D4}"
EndProject
Project("{FAE04EC0-301F-11D3-BF4B-00C04F79EFBC}") = "04-optional-params-lambda", "04-optional-params-lambda\04-optional-params-lambda.csproj", "{4791A80B-7E81-4F1E-B058-D299051EE7D7}"
EndProject
Project("{FAE04EC0-301F-11D3-BF4B-00C04F79EFBC}") = "05-alias", "05-alias\05-alias.csproj", "{B0ADF86C-17D3-4CD7-85DA-24DC570BED26}"
EndProject
Project("{FAE04EC0-301F-11D3-BF4B-00C04F79EFBC}") = "06-inline-arrays", "06-inline-arrays\06-inline-arrays.csproj", "{ACF1ED98-756E-4B55-8E60-A3922950ED33}"
EndProject
Global
	GlobalSection(SolutionConfigurationPlatforms) = preSolution
		Debug|Any CPU = Debug|Any CPU
		Release|Any CPU = Release|Any CPU
	EndGlobalSection
	GlobalSection(SolutionProperties) = preSolution
		HideSolutionNode = FALSE
	EndGlobalSection
	GlobalSection(ProjectConfigurationPlatforms) = postSolution
		{5CBFA477-48EC-4DD1-8BDD-A96A7ED24177}.Debug|Any CPU.ActiveCfg = Debug|Any CPU
		{5CBFA477-48EC-4DD1-8BDD-A96A7ED24177}.Debug|Any CPU.Build.0 = Debug|Any CPU
		{5CBFA477-48EC-4DD1-8BDD-A96A7ED24177}.Release|Any CPU.ActiveCfg = Release|Any CPU
		{5CBFA477-48EC-4DD1-8BDD-A96A7ED24177}.Release|Any CPU.Build.0 = Release|Any CPU
		{A3195E0A-FE67-4D30-88E5-A83CEC440172}.Debug|Any CPU.ActiveCfg = Debug|Any CPU
		{A3195E0A-FE67-4D30-88E5-A83CEC440172}.Debug|Any CPU.Build.0 = Debug|Any CPU
		{A3195E0A-FE67-4D30-88E5-A83CEC440172}.Release|Any CPU.ActiveCfg = Release|Any CPU
		{A3195E0A-FE67-4D30-88E5-A83CEC440172}.Release|Any CPU.Build.0 = Release|Any CPU
		{12D7720A-8F62-40C5-A262-612580AE1DE7}.Debug|Any CPU.ActiveCfg = Debug|Any CPU
		{12D7720A-8F62-40C5-A262-612580AE1DE7}.Debug|Any CPU.Build.0 = Debug|Any CPU
		{12D7720A-8F62-40C5-A262-612580AE1DE7}.Release|Any CPU.ActiveCfg = Release|Any CPU
		{12D7720A-8F62-40C5-A262-612580AE1DE7}.Release|Any CPU.Build.0 = Release|Any CPU
		{B9E95344-6B87-4899-B5E3-25A6308C3648}.Debug|Any CPU.ActiveCfg = Debug|Any CPU
		{B9E95344-6B87-4899-B5E3-25A6308C3648}.Debug|Any CPU.Build.0 = Debug|Any CPU
		{B9E95344-6B87-4899-B5E3-25A6308C3648}.Release|Any CPU.ActiveCfg = Release|Any CPU
		{B9E95344-6B87-4899-B5E3-25A6308C3648}.Release|Any CPU.Build.0 = Release|Any CPU
		{DD86640B-0F9C-4B54-9E03-3C8733A5E2D4}.Debug|Any CPU.ActiveCfg = Debug|Any CPU
		{DD86640B-0F9C-4B54-9E03-3C8733A5E2D4}.Debug|Any CPU.Build.0 = Debug|Any CPU
		{DD86640B-0F9C-4B54-9E03-3C8733A5E2D4}.Release|Any CPU.ActiveCfg = Release|Any CPU
		{DD86640B-0F9C-4B54-9E03-3C8733A5E2D4}.Release|Any CPU.Build.0 = Release|Any CPU
		{4791A80B-7E81-4F1E-B058-D299051EE7D7}.Debug|Any CPU.ActiveCfg = Debug|Any CPU
		{4791A80B-7E81-4F1E-B058-D299051EE7D7}.Debug|Any CPU.Build.0 = Debug|Any CPU
		{4791A80B-7E81-4F1E-B058-D299051EE7D7}.Release|Any CPU.ActiveCfg = Release|Any CPU
		{4791A80B-7E81-4F1E-B058-D299051EE7D7}.Release|Any CPU.Build.0 = Release|Any CPU
		{B0ADF86C-17D3-4CD7-85DA-24DC570BED26}.Debug|Any CPU.ActiveCfg = Debug|Any CPU
		{B0ADF86C-17D3-4CD7-85DA-24DC570BED26}.Debug|Any CPU.Build.0 = Debug|Any CPU
		{B0ADF86C-17D3-4CD7-85DA-24DC570BED26}.Release|Any CPU.ActiveCfg = Release|Any CPU
		{B0ADF86C-17D3-4CD7-85DA-24DC570BED26}.Release|Any CPU.Build.0 = Release|Any CPU
		{ACF1ED98-756E-4B55-8E60-A3922950ED33}.Debug|Any CPU.ActiveCfg = Debug|Any CPU
		{ACF1ED98-756E-4B55-8E60-A3922950ED33}.Debug|Any CPU.Build.0 = Debug|Any CPU
		{ACF1ED98-756E-4B55-8E60-A3922950ED33}.Release|Any CPU.ActiveCfg = Release|Any CPU
		{ACF1ED98-756E-4B55-8E60-A3922950ED33}.Release|Any CPU.Build.0 = Release|Any CPU
	EndGlobalSection
EndGlobal
